// !$*UTF8*$!
{
	archiveVersion = 1;
	classes = {
	};
	objectVersion = 46;
	objects = {

/* Begin PBXBuildFile section */
		4567F6481C74E3D20089D6B7 /* AppDelegate.swift in Sources */ = {isa = PBXBuildFile; fileRef = 4567F6471C74E3D20089D6B7 /* AppDelegate.swift */; };
		4567F64A1C74E3D20089D6B7 /* ViewController.swift in Sources */ = {isa = PBXBuildFile; fileRef = 4567F6491C74E3D20089D6B7 /* ViewController.swift */; };
		4567F64D1C74E3D20089D6B7 /* Main.storyboard in Resources */ = {isa = PBXBuildFile; fileRef = 4567F64B1C74E3D20089D6B7 /* Main.storyboard */; };
		4567F64F1C74E3D20089D6B7 /* Assets.xcassets in Resources */ = {isa = PBXBuildFile; fileRef = 4567F64E1C74E3D20089D6B7 /* Assets.xcassets */; };
		4567F6521C74E3D20089D6B7 /* LaunchScreen.storyboard in Resources */ = {isa = PBXBuildFile; fileRef = 4567F6501C74E3D20089D6B7 /* LaunchScreen.storyboard */; };
		4567F6601C74F1210089D6B7 /* BGMusic.mp3 in Resources */ = {isa = PBXBuildFile; fileRef = 4567F65F1C74F1210089D6B7 /* BGMusic.mp3 */; };
		45BB37E31C7637C8005C253C /* CharacterClass.swift in Sources */ = {isa = PBXBuildFile; fileRef = 45BB37E21C7637C8005C253C /* CharacterClass.swift */; };
		45BB37E51C763B45005C253C /* Player.swift in Sources */ = {isa = PBXBuildFile; fileRef = 45BB37E41C763B45005C253C /* Player.swift */; };
/* End PBXBuildFile section */

/* Begin PBXFileReference section */
		4567F6441C74E3D20089D6B7 /* RPG-OOP-Exercise.app */ = {isa = PBXFileReference; explicitFileType = wrapper.application; includeInIndex = 0; path = "RPG-OOP-Exercise.app"; sourceTree = BUILT_PRODUCTS_DIR; };
		4567F6471C74E3D20089D6B7 /* AppDelegate.swift */ = {isa = PBXFileReference; lastKnownFileType = sourcecode.swift; path = AppDelegate.swift; sourceTree = "<group>"; };
		4567F6491C74E3D20089D6B7 /* ViewController.swift */ = {isa = PBXFileReference; lastKnownFileType = sourcecode.swift; path = ViewController.swift; sourceTree = "<group>"; };
		4567F64C1C74E3D20089D6B7 /* Base */ = {isa = PBXFileReference; lastKnownFileType = file.storyboard; name = Base; path = Base.lproj/Main.storyboard; sourceTree = "<group>"; };
		4567F64E1C74E3D20089D6B7 /* Assets.xcassets */ = {isa = PBXFileReference; lastKnownFileType = folder.assetcatalog; path = Assets.xcassets; sourceTree = "<group>"; };
		4567F6511C74E3D20089D6B7 /* Base */ = {isa = PBXFileReference; lastKnownFileType = file.storyboard; name = Base; path = Base.lproj/LaunchScreen.storyboard; sourceTree = "<group>"; };
		4567F6531C74E3D20089D6B7 /* Info.plist */ = {isa = PBXFileReference; lastKnownFileType = text.plist.xml; path = Info.plist; sourceTree = "<group>"; };
		4567F65F1C74F1210089D6B7 /* BGMusic.mp3 */ = {isa = PBXFileReference; lastKnownFileType = audio.mp3; path = BGMusic.mp3; sourceTree = "<group>"; };
		45BB37E21C7637C8005C253C /* CharacterClass.swift */ = {isa = PBXFileReference; fileEncoding = 4; lastKnownFileType = sourcecode.swift; path = CharacterClass.swift; sourceTree = "<group>"; };
		45BB37E41C763B45005C253C /* Player.swift */ = {isa = PBXFileReference; fileEncoding = 4; lastKnownFileType = sourcecode.swift; path = Player.swift; sourceTree = "<group>"; };
/* End PBXFileReference section */

/* Begin PBXFrameworksBuildPhase section */
		4567F6411C74E3D20089D6B7 /* Frameworks */ = {
			isa = PBXFrameworksBuildPhase;
			buildActionMask = 2147483647;
			files = (
			);
			runOnlyForDeploymentPostprocessing = 0;
		};
/* End PBXFrameworksBuildPhase section */

/* Begin PBXGroup section */
		4567F63B1C74E3D20089D6B7 = {
			isa = PBXGroup;
			children = (
				4567F6461C74E3D20089D6B7 /* RPG-OOP-Exercise */,
				4567F6451C74E3D20089D6B7 /* Products */,
			);
			sourceTree = "<group>";
		};
		4567F6451C74E3D20089D6B7 /* Products */ = {
			isa = PBXGroup;
			children = (
				4567F6441C74E3D20089D6B7 /* RPG-OOP-Exercise.app */,
			);
			name = Products;
			sourceTree = "<group>";
		};
		4567F6461C74E3D20089D6B7 /* RPG-OOP-Exercise */ = {
			isa = PBXGroup;
			children = (
				4567F6471C74E3D20089D6B7 /* AppDelegate.swift */,
				4567F6491C74E3D20089D6B7 /* ViewController.swift */,
				45BB37E21C7637C8005C253C /* CharacterClass.swift */,
				45BB37E41C763B45005C253C /* Player.swift */,
				4567F64B1C74E3D20089D6B7 /* Main.storyboard */,
				4567F64E1C74E3D20089D6B7 /* Assets.xcassets */,
				4567F6611C74FDDE0089D6B7 /* Supporting Files */,
				4567F6501C74E3D20089D6B7 /* LaunchScreen.storyboard */,
				4567F6531C74E3D20089D6B7 /* Info.plist */,
			);
			path = "RPG-OOP-Exercise";
			sourceTree = "<group>";
		};
		4567F6611C74FDDE0089D6B7 /* Supporting Files */ = {
			isa = PBXGroup;
			children = (
				4567F65F1C74F1210089D6B7 /* BGMusic.mp3 */,
			);
			name = "Supporting Files";
			sourceTree = "<group>";
		};
/* End PBXGroup section */

/* Begin PBXNativeTarget section */
		4567F6431C74E3D20089D6B7 /* RPG-OOP-Exercise */ = {
			isa = PBXNativeTarget;
			buildConfigurationList = 4567F6561C74E3D20089D6B7 /* Build configuration list for PBXNativeTarget "RPG-OOP-Exercise" */;
			buildPhases = (
				4567F6401C74E3D20089D6B7 /* Sources */,
				4567F6411C74E3D20089D6B7 /* Frameworks */,
				4567F6421C74E3D20089D6B7 /* Resources */,
			);
			buildRules = (
			);
			dependencies = (
			);
			name = "RPG-OOP-Exercise";
			productName = "RPG-OOP-Exercise";
			productReference = 4567F6441C74E3D20089D6B7 /* RPG-OOP-Exercise.app */;
			productType = "com.apple.product-type.application";
		};
/* End PBXNativeTarget section */

/* Begin PBXProject section */
		4567F63C1C74E3D20089D6B7 /* Project object */ = {
			isa = PBXProject;
			attributes = {
				LastSwiftUpdateCheck = 0720;
				LastUpgradeCheck = 0720;
				ORGANIZATIONNAME = "Chase Drum";
				TargetAttributes = {
					4567F6431C74E3D20089D6B7 = {
						CreatedOnToolsVersion = 7.2.1;
					};
				};
			};
			buildConfigurationList = 4567F63F1C74E3D20089D6B7 /* Build configuration list for PBXProject "RPG-OOP-Exercise" */;
			compatibilityVersion = "Xcode 3.2";
			developmentRegion = English;
			hasScannedForEncodings = 0;
			knownRegions = (
				en,
				Base,
			);
			mainGroup = 4567F63B1C74E3D20089D6B7;
			productRefGroup = 4567F6451C74E3D20089D6B7 /* Products */;
			projectDirPath = "";
			projectRoot = "";
			targets = (
				4567F6431C74E3D20089D6B7 /* RPG-OOP-Exercise */,
			);
		};
/* End PBXProject section */

/* Begin PBXResourcesBuildPhase section */
		4567F6421C74E3D20089D6B7 /* Resources */ = {
			isa = PBXResourcesBuildPhase;
			buildActionMask = 2147483647;
			files = (
				4567F6521C74E3D20089D6B7 /* LaunchScreen.storyboard in Resources */,
				4567F64F1C74E3D20089D6B7 /* Assets.xcassets in Resources */,
				4567F64D1C74E3D20089D6B7 /* Main.storyboard in Resources */,
				4567F6601C74F1210089D6B7 /* BGMusic.mp3 in Resources */,
			);
			runOnlyForDeploymentPostprocessing = 0;
		};
/* End PBXResourcesBuildPhase section */

/* Begin PBXSourcesBuildPhase section */
		4567F6401C74E3D20089D6B7 /* Sources */ = {
			isa = PBXSourcesBuildPhase;
			buildActionMask = 2147483647;
			files = (
				45BB37E51C763B45005C253C /* Player.swift in Sources */,
				4567F64A1C74E3D20089D6B7 /* ViewController.swift in Sources */,
				45BB37E31C7637C8005C253C /* CharacterClass.swift in Sources */,
				4567F6481C74E3D20089D6B7 /* AppDelegate.swift in Sources */,
			);
			runOnlyForDeploymentPostprocessing = 0;
		};
/* End PBXSourcesBuildPhase section */

/* Begin PBXVariantGroup section */
		4567F64B1C74E3D20089D6B7 /* Main.storyboard */ = {
			isa = PBXVariantGroup;
			children = (
				4567F64C1C74E3D20089D6B7 /* Base */,
			);
			name = Main.storyboard;
			sourceTree = "<group>";
		};
		4567F6501C74E3D20089D6B7 /* LaunchScreen.storyboard */ = {
			isa = PBXVariantGroup;
			children = (
				4567F6511C74E3D20089D6B7 /* Base */,
			);
			name = LaunchScreen.storyboard;
			sourceTree = "<group>";
		};
/* End PBXVariantGroup section */

/* Begin XCBuildConfiguration section */
		4567F6541C74E3D20089D6B7 /* Debug */ = {
			isa = XCBuildConfiguration;
			buildSettings = {
				ALWAYS_SEARCH_USER_PATHS = NO;
				CLANG_CXX_LANGUAGE_STANDARD = "gnu++0x";
				CLANG_CXX_LIBRARY = "libc++";
				CLANG_ENABLE_MODULES = YES;
				CLANG_ENABLE_OBJC_ARC = YES;
				CLANG_WARN_BOOL_CONVERSION = YES;
				CLANG_WARN_CONSTANT_CONVERSION = YES;
				CLANG_WARN_DIRECT_OBJC_ISA_USAGE = YES_ERROR;
				CLANG_WARN_EMPTY_BODY = YES;
				CLANG_WARN_ENUM_CONVERSION = YES;
				CLANG_WARN_INT_CONVERSION = YES;
				CLANG_WARN_OBJC_ROOT_CLASS = YES_ERROR;
				CLANG_WARN_UNREACHABLE_CODE = YES;
				CLANG_WARN__DUPLICATE_METHOD_MATCH = YES;
				"CODE_SIGN_IDENTITY[sdk=iphoneos*]" = "iPhone Developer";
				COPY_PHASE_STRIP = NO;
				DEBUG_INFORMATION_FORMAT = dwarf;
				ENABLE_STRICT_OBJC_MSGSEND = YES;
				ENABLE_TESTABILITY = YES;
				GCC_C_LANGUAGE_STANDARD = gnu99;
				GCC_DYNAMIC_NO_PIC = NO;
				GCC_NO_COMMON_BLOCKS = YES;
				GCC_OPTIMIZATION_LEVEL = 0;
				GCC_PREPROCESSOR_DEFINITIONS = (
					"DEBUG=1",
					"$(inherited)",
				);
				GCC_WARN_64_TO_32_BIT_CONVERSION = YES;
				GCC_WARN_ABOUT_RETURN_TYPE = YES_ERROR;
				GCC_WARN_UNDECLARED_SELECTOR = YES;
				GCC_WARN_UNINITIALIZED_AUTOS = YES_AGGRESSIVE;
				GCC_WARN_UNUSED_FUNCTION = YES;
				GCC_WARN_UNUSED_VARIABLE = YES;
				IPHONEOS_DEPLOYMENT_TARGET = 9.2;
				MTL_ENABLE_DEBUG_INFO = YES;
				ONLY_ACTIVE_ARCH = YES;
				SDKROOT = iphoneos;
				SWIFT_OPTIMIZATION_LEVEL = "-Onone";
				TARGETED_DEVICE_FAMILY = "1,2";
			};
			name = Debug;
		};
		4567F6551C74E3D20089D6B7 /* Release */ = {
			isa = XCBuildConfiguration;
			buildSettings = {
				ALWAYS_SEARCH_USER_PATHS = NO;
				CLANG_CXX_LANGUAGE_STANDARD = "gnu++0x";
				CLANG_CXX_LIBRARY = "libc++";
				CLANG_ENABLE_MODULES = YES;
				CLANG_ENABLE_OBJC_ARC = YES;
				CLANG_WARN_BOOL_CONVERSION = YES;
				CLANG_WARN_CONSTANT_CONVERSION = YES;
				CLANG_WARN_DIRECT_OBJC_ISA_USAGE = YES_ERROR;
				CLANG_WARN_EMPTY_BODY = YES;
				CLANG_WARN_ENUM_CONVERSION = YES;
				CLANG_WARN_INT_CONVERSION = YES;
				CLANG_WARN_OBJC_ROOT_CLASS = YES_ERROR;
				CLANG_WARN_UNREACHABLE_CODE = YES;
				CLANG_WARN__DUPLICATE_METHOD_MATCH = YES;
				"CODE_SIGN_IDENTITY[sdk=iphoneos*]" = "iPhone Developer";
				COPY_PHASE_STRIP = NO;
				DEBUG_INFORMATION_FORMAT = "dwarf-with-dsym";
				ENABLE_NS_ASSERTIONS = NO;
				ENABLE_STRICT_OBJC_MSGSEND = YES;
				GCC_C_LANGUAGE_STANDARD = gnu99;
				GCC_NO_COMMON_BLOCKS = YES;
				GCC_WARN_64_TO_32_BIT_CONVERSION = YES;
				GCC_WARN_ABOUT_RETURN_TYPE = YES_ERROR;
				GCC_WARN_UNDECLARED_SELECTOR = YES;
				GCC_WARN_UNINITIALIZED_AUTOS = YES_AGGRESSIVE;
				GCC_WARN_UNUSED_FUNCTION = YES;
				GCC_WARN_UNUSED_VARIABLE = YES;
				IPHONEOS_DEPLOYMENT_TARGET = 9.2;
				MTL_ENABLE_DEBUG_INFO = NO;
				SDKROOT = iphoneos;
				TARGETED_DEVICE_FAMILY = "1,2";
				VALIDATE_PRODUCT = YES;
			};
			name = Release;
		};
		4567F6571C74E3D20089D6B7 /* Debug */ = {
			isa = XCBuildConfiguration;
			buildSettings = {
				ASSETCATALOG_COMPILER_APPICON_NAME = AppIcon;
				INFOPLIST_FILE = "RPG-OOP-Exercise/Info.plist";
				LD_RUNPATH_SEARCH_PATHS = "$(inherited) @executable_path/Frameworks";
				PRODUCT_BUNDLE_IDENTIFIER = "Alpha.RPG-OOP-Exercise";
				PRODUCT_NAME = "$(TARGET_NAME)";
			};
			name = Debug;
		};
		4567F6581C74E3D20089D6B7 /* Release */ = {
			isa = XCBuildConfiguration;
			buildSettings = {
				ASSETCATALOG_COMPILER_APPICON_NAME = AppIcon;
				INFOPLIST_FILE = "RPG-OOP-Exercise/Info.plist";
				LD_RUNPATH_SEARCH_PATHS = "$(inherited) @executable_path/Frameworks";
				PRODUCT_BUNDLE_IDENTIFIER = "Alpha.RPG-OOP-Exercise";
				PRODUCT_NAME = "$(TARGET_NAME)";
			};
			name = Release;
		};
/* End XCBuildConfiguration section */

/* Begin XCConfigurationList section */
		4567F63F1C74E3D20089D6B7 /* Build configuration list for PBXProject "RPG-OOP-Exercise" */ = {
			isa = XCConfigurationList;
			buildConfigurations = (
				4567F6541C74E3D20089D6B7 /* Debug */,
				4567F6551C74E3D20089D6B7 /* Release */,
			);
			defaultConfigurationIsVisible = 0;
			defaultConfigurationName = Release;
		};
		4567F6561C74E3D20089D6B7 /* Build configuration list for PBXNativeTarget "RPG-OOP-Exercise" */ = {
			isa = XCConfigurationList;
			buildConfigurations = (
				4567F6571C74E3D20089D6B7 /* Debug */,
				4567F6581C74E3D20089D6B7 /* Release */,
			);
			defaultConfigurationIsVisible = 0;
			defaultConfigurationName = Release;
		};
/* End XCConfigurationList section */
	};
	rootObject = 4567F63C1C74E3D20089D6B7 /* Project object */;
}
